
Microsoft Visual Studio Solution File, Format Version 12.00
# Visual Studio 2013
VisualStudioVersion = 12.0.21005.1
MinimumVisualStudioVersion = 10.0.40219.1
Project("{FAE04EC0-301F-11D3-BF4B-00C04F79EFBC}") = "wcfLib1", "wcfLib1\wcfLib1.csproj", "{8990538D-C121-4BB7-81D2-8D2307B8CAA3}"
EndProject
Project("{FAE04EC0-301F-11D3-BF4B-00C04F79EFBC}") = "winWcf", "winWcf\winWcf.csproj", "{D9167DA7-64F0-40A1-86EA-BF04C25CC8D1}"
	ProjectSection(ProjectDependencies) = postProject
		{8990538D-C121-4BB7-81D2-8D2307B8CAA3} = {8990538D-C121-4BB7-81D2-8D2307B8CAA3}
	EndProjectSection
EndProject
Project("{2150E333-8FDC-42A3-9474-1A3956D46DE8}") = "wcf服务应用程序", "wcf服务应用程序", "{D9CFCEB7-92B8-45B9-A3C2-D2CDCDACFE4F}"
EndProject
Project("{FAE04EC0-301F-11D3-BF4B-00C04F79EFBC}") = "wcfServices", "wcfServices\wcfServices.csproj", "{3C211D63-30D0-4E26-90E3-F12CE10EC936}"
EndProject
Project("{FAE04EC0-301F-11D3-BF4B-00C04F79EFBC}") = "CmdClient", "CmdClient\CmdClient.csproj", "{328D9F34-A7C1-4AAB-AD0C-0D093CD11793}"
EndProject
Project("{2150E333-8FDC-42A3-9474-1A3956D46DE8}") = "自托管WCF服务", "自托管WCF服务", "{33DA0402-BCE3-423C-BDDA-06C6A902DE65}"
EndProject
Project("{FAE04EC0-301F-11D3-BF4B-00C04F79EFBC}") = "WcfSelfhosting", "WcfSelfhosting\WcfSelfhosting.csproj", "{5A7A02EC-2049-4E8C-9FF5-4EC0E806994B}"
EndProject
Project("{FAE04EC0-301F-11D3-BF4B-00C04F79EFBC}") = "WcfSelfhostingClient", "WcfSelfhostingClient\WcfSelfhostingClient.csproj", "{87DBA3E0-F775-458C-94EF-A95A97E83AE4}"
	ProjectSection(ProjectDependencies) = postProject
		{5A7A02EC-2049-4E8C-9FF5-4EC0E806994B} = {5A7A02EC-2049-4E8C-9FF5-4EC0E806994B}
	EndProjectSection
EndProject
Project("{2150E333-8FDC-42A3-9474-1A3956D46DE8}") = "WCF出现的背景及快速搭建_转", "WCF出现的背景及快速搭建_转", "{A7809B5C-2942-4459-925E-36C277721B83}"
EndProject
Project("{FAE04EC0-301F-11D3-BF4B-00C04F79EFBC}") = "WCFService", "WCFService\WCFService.csproj", "{8964F7E6-160C-403F-A81C-D0A3190159CF}"
EndProject
Project("{FAE04EC0-301F-11D3-BF4B-00C04F79EFBC}") = "WCFClient", "WCFClient\WCFClient.csproj", "{2C3487DB-C925-4C35-A510-51C4B25A9596}"
EndProject
Project("{2150E333-8FDC-42A3-9474-1A3956D46DE8}") = "契约方法的同步，异步调用方式_转", "契约方法的同步，异步调用方式_转", "{880769F5-D4FC-476D-A9AE-C9F93149E377}"
EndProject
Project("{FAE04EC0-301F-11D3-BF4B-00C04F79EFBC}") = "WcfServiceContract", "WcfServiceContract\WcfServiceContract.csproj", "{2CBF0DE4-21D9-4AD8-91A6-F4801CD9C682}"
EndProject
Project("{FAE04EC0-301F-11D3-BF4B-00C04F79EFBC}") = "WcfClientContract", "WcfClientContract\WcfClientContract.csproj", "{73A3CFD0-222E-485B-8D34-5008DF450053}"
EndProject
Project("{2150E333-8FDC-42A3-9474-1A3956D46DE8}") = "用ILSpy如何探索简化繁琐的config调用_转", "用ILSpy如何探索简化繁琐的config调用_转", "{FD47D66A-C65C-438B-8881-FC60F0EAEC37}"
EndProject
Project("{FAE04EC0-301F-11D3-BF4B-00C04F79EFBC}") = "WcfServiceLHost", "WcfServiceLHost\WcfServiceLHost.csproj", "{606216A9-3850-44A3-9A49-706CED78D833}"
EndProject
Project("{2150E333-8FDC-42A3-9474-1A3956D46DE8}") = "Serivce的WSDL清单及Svcutil检测", "Serivce的WSDL清单及Svcutil检测", "{D57114E7-5974-409A-8FFE-AAC0FD1AB7EB}"
EndProject
Project("{FAE04EC0-301F-11D3-BF4B-00C04F79EFBC}") = "WcfServiceWSDL", "WcfServiceWSDL\WcfServiceWSDL.csproj", "{ABC3350A-B6BB-4421-9911-975275917617}"
EndProject
Project("{FAE04EC0-301F-11D3-BF4B-00C04F79EFBC}") = "ConsoleApplication1", "ConsoleApplication1\ConsoleApplication1.csproj", "{23FC66B2-886E-40D3-8252-44E019D58CFE}"
EndProject
Project("{2150E333-8FDC-42A3-9474-1A3956D46DE8}") = "用Fiddler截获message加深理解契约特性", "用Fiddler截获message加深理解契约特性", "{E66079D6-3385-4B4A-81DF-DB20F3989243}"
EndProject
Project("{FAE04EC0-301F-11D3-BF4B-00C04F79EFBC}") = "WcfServiceFiddler", "WcfServiceFiddler\WcfServiceFiddler.csproj", "{A6B1B2A1-E911-4353-81C1-28A8E7BC399D}"
EndProject
Project("{FAE04EC0-301F-11D3-BF4B-00C04F79EFBC}") = "ConsoleApplication2", "ConsoleApplication2\ConsoleApplication2.csproj", "{D4C46691-6A5C-4837-AEC1-B48C3F891481}"
EndProject
Project("{2150E333-8FDC-42A3-9474-1A3956D46DE8}") = "深刻理解WCF的通信单元Message", "深刻理解WCF的通信单元Message", "{6DCFB918-A2F7-4D35-B7F7-BE9DFCB00648}"
EndProject
Project("{FAE04EC0-301F-11D3-BF4B-00C04F79EFBC}") = "WcfServiceMessage", "WcfServiceMessage\WcfServiceMessage.csproj", "{AB186EB5-9D98-4593-AA8C-1FC796DCE339}"
EndProject
Project("{FAE04EC0-301F-11D3-BF4B-00C04F79EFBC}") = "ConsoleApplication3", "ConsoleApplication3\ConsoleApplication3.csproj", "{905E71FF-6147-44E9-B16F-191C421B3245}"
EndProject
Project("{2150E333-8FDC-42A3-9474-1A3956D46DE8}") = "深刻理解WCF中的信道栈", "深刻理解WCF中的信道栈", "{7FC3023B-B59B-4A5D-BD7F-901C76D5F295}"
EndProject
Project("{FAE04EC0-301F-11D3-BF4B-00C04F79EFBC}") = "WcfServiceCannel", "WcfServiceCannel\WcfServiceCannel.csproj", "{8AD467A7-D8CA-466D-83C2-E3E2DEC61D62}"
EndProject
Project("{FAE04EC0-301F-11D3-BF4B-00C04F79EFBC}") = "ConsoleApplication4", "ConsoleApplication4\ConsoleApplication4.csproj", "{DB565B80-8A01-4287-B861-F8AACA139ADF}"
EndProject
Global
	GlobalSection(SolutionConfigurationPlatforms) = preSolution
		Debug|Any CPU = Debug|Any CPU
		Release|Any CPU = Release|Any CPU
	EndGlobalSection
	GlobalSection(ProjectConfigurationPlatforms) = postSolution
		{8990538D-C121-4BB7-81D2-8D2307B8CAA3}.Debug|Any CPU.ActiveCfg = Debug|Any CPU
		{8990538D-C121-4BB7-81D2-8D2307B8CAA3}.Debug|Any CPU.Build.0 = Debug|Any CPU
		{8990538D-C121-4BB7-81D2-8D2307B8CAA3}.Release|Any CPU.ActiveCfg = Release|Any CPU
		{8990538D-C121-4BB7-81D2-8D2307B8CAA3}.Release|Any CPU.Build.0 = Release|Any CPU
		{D9167DA7-64F0-40A1-86EA-BF04C25CC8D1}.Debug|Any CPU.ActiveCfg = Debug|Any CPU
		{D9167DA7-64F0-40A1-86EA-BF04C25CC8D1}.Debug|Any CPU.Build.0 = Debug|Any CPU
		{D9167DA7-64F0-40A1-86EA-BF04C25CC8D1}.Release|Any CPU.ActiveCfg = Release|Any CPU
		{D9167DA7-64F0-40A1-86EA-BF04C25CC8D1}.Release|Any CPU.Build.0 = Release|Any CPU
		{3C211D63-30D0-4E26-90E3-F12CE10EC936}.Debug|Any CPU.ActiveCfg = Debug|Any CPU
		{3C211D63-30D0-4E26-90E3-F12CE10EC936}.Debug|Any CPU.Build.0 = Debug|Any CPU
		{3C211D63-30D0-4E26-90E3-F12CE10EC936}.Release|Any CPU.ActiveCfg = Release|Any CPU
		{3C211D63-30D0-4E26-90E3-F12CE10EC936}.Release|Any CPU.Build.0 = Release|Any CPU
		{328D9F34-A7C1-4AAB-AD0C-0D093CD11793}.Debug|Any CPU.ActiveCfg = Debug|Any CPU
		{328D9F34-A7C1-4AAB-AD0C-0D093CD11793}.Debug|Any CPU.Build.0 = Debug|Any CPU
		{328D9F34-A7C1-4AAB-AD0C-0D093CD11793}.Release|Any CPU.ActiveCfg = Release|Any CPU
		{328D9F34-A7C1-4AAB-AD0C-0D093CD11793}.Release|Any CPU.Build.0 = Release|Any CPU
		{5A7A02EC-2049-4E8C-9FF5-4EC0E806994B}.Debug|Any CPU.ActiveCfg = Debug|Any CPU
		{5A7A02EC-2049-4E8C-9FF5-4EC0E806994B}.Debug|Any CPU.Build.0 = Debug|Any CPU
		{5A7A02EC-2049-4E8C-9FF5-4EC0E806994B}.Release|Any CPU.ActiveCfg = Release|Any CPU
		{5A7A02EC-2049-4E8C-9FF5-4EC0E806994B}.Release|Any CPU.Build.0 = Release|Any CPU
		{87DBA3E0-F775-458C-94EF-A95A97E83AE4}.Debug|Any CPU.ActiveCfg = Debug|Any CPU
		{87DBA3E0-F775-458C-94EF-A95A97E83AE4}.Debug|Any CPU.Build.0 = Debug|Any CPU
		{87DBA3E0-F775-458C-94EF-A95A97E83AE4}.Release|Any CPU.ActiveCfg = Release|Any CPU
		{87DBA3E0-F775-458C-94EF-A95A97E83AE4}.Release|Any CPU.Build.0 = Release|Any CPU
		{8964F7E6-160C-403F-A81C-D0A3190159CF}.Debug|Any CPU.ActiveCfg = Debug|Any CPU
		{8964F7E6-160C-403F-A81C-D0A3190159CF}.Debug|Any CPU.Build.0 = Debug|Any CPU
		{8964F7E6-160C-403F-A81C-D0A3190159CF}.Release|Any CPU.ActiveCfg = Release|Any CPU
		{8964F7E6-160C-403F-A81C-D0A3190159CF}.Release|Any CPU.Build.0 = Release|Any CPU
		{2C3487DB-C925-4C35-A510-51C4B25A9596}.Debug|Any CPU.ActiveCfg = Debug|Any CPU
		{2C3487DB-C925-4C35-A510-51C4B25A9596}.Debug|Any CPU.Build.0 = Debug|Any CPU
		{2C3487DB-C925-4C35-A510-51C4B25A9596}.Release|Any CPU.ActiveCfg = Release|Any CPU
		{2C3487DB-C925-4C35-A510-51C4B25A9596}.Release|Any CPU.Build.0 = Release|Any CPU
		{2CBF0DE4-21D9-4AD8-91A6-F4801CD9C682}.Debug|Any CPU.ActiveCfg = Debug|Any CPU
		{2CBF0DE4-21D9-4AD8-91A6-F4801CD9C682}.Debug|Any CPU.Build.0 = Debug|Any CPU
		{2CBF0DE4-21D9-4AD8-91A6-F4801CD9C682}.Release|Any CPU.ActiveCfg = Release|Any CPU
		{2CBF0DE4-21D9-4AD8-91A6-F4801CD9C682}.Release|Any CPU.Build.0 = Release|Any CPU
		{73A3CFD0-222E-485B-8D34-5008DF450053}.Debug|Any CPU.ActiveCfg = Debug|Any CPU
		{73A3CFD0-222E-485B-8D34-5008DF450053}.Debug|Any CPU.Build.0 = Debug|Any CPU
		{73A3CFD0-222E-485B-8D34-5008DF450053}.Release|Any CPU.ActiveCfg = Release|Any CPU
		{73A3CFD0-222E-485B-8D34-5008DF450053}.Release|Any CPU.Build.0 = Release|Any CPU
		{606216A9-3850-44A3-9A49-706CED78D833}.Debug|Any CPU.ActiveCfg = Debug|Any CPU
		{606216A9-3850-44A3-9A49-706CED78D833}.Debug|Any CPU.Build.0 = Debug|Any CPU
		{606216A9-3850-44A3-9A49-706CED78D833}.Release|Any CPU.ActiveCfg = Release|Any CPU
		{606216A9-3850-44A3-9A49-706CED78D833}.Release|Any CPU.Build.0 = Release|Any CPU
		{ABC3350A-B6BB-4421-9911-975275917617}.Debug|Any CPU.ActiveCfg = Debug|Any CPU
		{ABC3350A-B6BB-4421-9911-975275917617}.Debug|Any CPU.Build.0 = Debug|Any CPU
		{ABC3350A-B6BB-4421-9911-975275917617}.Release|Any CPU.ActiveCfg = Release|Any CPU
		{ABC3350A-B6BB-4421-9911-975275917617}.Release|Any CPU.Build.0 = Release|Any CPU
		{23FC66B2-886E-40D3-8252-44E019D58CFE}.Debug|Any CPU.ActiveCfg = Debug|Any CPU
		{23FC66B2-886E-40D3-8252-44E019D58CFE}.Debug|Any CPU.Build.0 = Debug|Any CPU
		{23FC66B2-886E-40D3-8252-44E019D58CFE}.Release|Any CPU.ActiveCfg = Release|Any CPU
		{23FC66B2-886E-40D3-8252-44E019D58CFE}.Release|Any CPU.Build.0 = Release|Any CPU
		{A6B1B2A1-E911-4353-81C1-28A8E7BC399D}.Debug|Any CPU.ActiveCfg = Debug|Any CPU
		{A6B1B2A1-E911-4353-81C1-28A8E7BC399D}.Debug|Any CPU.Build.0 = Debug|Any CPU
		{A6B1B2A1-E911-4353-81C1-28A8E7BC399D}.Release|Any CPU.ActiveCfg = Release|Any CPU
		{A6B1B2A1-E911-4353-81C1-28A8E7BC399D}.Release|Any CPU.Build.0 = Release|Any CPU
		{D4C46691-6A5C-4837-AEC1-B48C3F891481}.Debug|Any CPU.ActiveCfg = Debug|Any CPU
		{D4C46691-6A5C-4837-AEC1-B48C3F891481}.Debug|Any CPU.Build.0 = Debug|Any CPU
		{D4C46691-6A5C-4837-AEC1-B48C3F891481}.Release|Any CPU.ActiveCfg = Release|Any CPU
		{D4C46691-6A5C-4837-AEC1-B48C3F891481}.Release|Any CPU.Build.0 = Release|Any CPU
		{AB186EB5-9D98-4593-AA8C-1FC796DCE339}.Debug|Any CPU.ActiveCfg = Debug|Any CPU
		{AB186EB5-9D98-4593-AA8C-1FC796DCE339}.Debug|Any CPU.Build.0 = Debug|Any CPU
		{AB186EB5-9D98-4593-AA8C-1FC796DCE339}.Release|Any CPU.ActiveCfg = Release|Any CPU
		{AB186EB5-9D98-4593-AA8C-1FC796DCE339}.Release|Any CPU.Build.0 = Release|Any CPU
		{905E71FF-6147-44E9-B16F-191C421B3245}.Debug|Any CPU.ActiveCfg = Debug|Any CPU
		{905E71FF-6147-44E9-B16F-191C421B3245}.Debug|Any CPU.Build.0 = Debug|Any CPU
		{905E71FF-6147-44E9-B16F-191C421B3245}.Release|Any CPU.ActiveCfg = Release|Any CPU
		{905E71FF-6147-44E9-B16F-191C421B3245}.Release|Any CPU.Build.0 = Release|Any CPU
		{8AD467A7-D8CA-466D-83C2-E3E2DEC61D62}.Debug|Any CPU.ActiveCfg = Debug|Any CPU
		{8AD467A7-D8CA-466D-83C2-E3E2DEC61D62}.Debug|Any CPU.Build.0 = Debug|Any CPU
		{8AD467A7-D8CA-466D-83C2-E3E2DEC61D62}.Release|Any CPU.ActiveCfg = Release|Any CPU
		{8AD467A7-D8CA-466D-83C2-E3E2DEC61D62}.Release|Any CPU.Build.0 = Release|Any CPU
		{DB565B80-8A01-4287-B861-F8AACA139ADF}.Debug|Any CPU.ActiveCfg = Debug|Any CPU
		{DB565B80-8A01-4287-B861-F8AACA139ADF}.Debug|Any CPU.Build.0 = Debug|Any CPU
		{DB565B80-8A01-4287-B861-F8AACA139ADF}.Release|Any CPU.ActiveCfg = Release|Any CPU
		{DB565B80-8A01-4287-B861-F8AACA139ADF}.Release|Any CPU.Build.0 = Release|Any CPU
	EndGlobalSection
	GlobalSection(SolutionProperties) = preSolution
		HideSolutionNode = FALSE
	EndGlobalSection
	GlobalSection(NestedProjects) = preSolution
		{3C211D63-30D0-4E26-90E3-F12CE10EC936} = {D9CFCEB7-92B8-45B9-A3C2-D2CDCDACFE4F}
		{328D9F34-A7C1-4AAB-AD0C-0D093CD11793} = {D9CFCEB7-92B8-45B9-A3C2-D2CDCDACFE4F}
		{5A7A02EC-2049-4E8C-9FF5-4EC0E806994B} = {33DA0402-BCE3-423C-BDDA-06C6A902DE65}
		{87DBA3E0-F775-458C-94EF-A95A97E83AE4} = {33DA0402-BCE3-423C-BDDA-06C6A902DE65}
		{8964F7E6-160C-403F-A81C-D0A3190159CF} = {A7809B5C-2942-4459-925E-36C277721B83}
		{2C3487DB-C925-4C35-A510-51C4B25A9596} = {A7809B5C-2942-4459-925E-36C277721B83}
		{2CBF0DE4-21D9-4AD8-91A6-F4801CD9C682} = {880769F5-D4FC-476D-A9AE-C9F93149E377}
		{73A3CFD0-222E-485B-8D34-5008DF450053} = {880769F5-D4FC-476D-A9AE-C9F93149E377}
		{606216A9-3850-44A3-9A49-706CED78D833} = {FD47D66A-C65C-438B-8881-FC60F0EAEC37}
		{ABC3350A-B6BB-4421-9911-975275917617} = {D57114E7-5974-409A-8FFE-AAC0FD1AB7EB}
		{23FC66B2-886E-40D3-8252-44E019D58CFE} = {D57114E7-5974-409A-8FFE-AAC0FD1AB7EB}
		{A6B1B2A1-E911-4353-81C1-28A8E7BC399D} = {E66079D6-3385-4B4A-81DF-DB20F3989243}
		{D4C46691-6A5C-4837-AEC1-B48C3F891481} = {E66079D6-3385-4B4A-81DF-DB20F3989243}
		{AB186EB5-9D98-4593-AA8C-1FC796DCE339} = {6DCFB918-A2F7-4D35-B7F7-BE9DFCB00648}
		{905E71FF-6147-44E9-B16F-191C421B3245} = {6DCFB918-A2F7-4D35-B7F7-BE9DFCB00648}
		{8AD467A7-D8CA-466D-83C2-E3E2DEC61D62} = {7FC3023B-B59B-4A5D-BD7F-901C76D5F295}
		{DB565B80-8A01-4287-B861-F8AACA139ADF} = {7FC3023B-B59B-4A5D-BD7F-901C76D5F295}
	EndGlobalSection
EndGlobal
